{
  "name": "btp-guard",
  "version": "5.4.14",
  "lockfileVersion": 3,
  "requires": true,
  "packages": {
    "": {
      "name": "btp-guard",
      "version": "5.4.14",
      "license": "MIT",
      "bin": {
        "btp-guard": "cli.js",
        "btp-mcp-proxy": "cli.js"
      },
      "engines": {
        "node": ">=18.0.0"
      },
      "funding": {
        "type": "individual",
        "url": "https://bartholomew.info/store/"
      }
    }
  }
}
